// !$*UTF8*$!
{
	archiveVersion = 1;
	classes = {
	};
	objectVersion = 46;
	objects = {

/* Begin PBXBuildFile section */
		2DE23A921C824446BE8D4498 /* libPods.a in Frameworks */ = {isa = PBXBuildFile; fileRef = 3C06B07D0E4B4928BEAD8BE1 /* libPods.a */; };
		311C607819C9454F0062143B /* AMTumblrHud.m in Sources */ = {isa = PBXBuildFile; fileRef = 311C607719C9454F0062143B /* AMTumblrHud.m */; };
		311C607B19C968030062143B /* errorView.m in Sources */ = {isa = PBXBuildFile; fileRef = 311C607A19C968030062143B /* errorView.m */; };
		3145B54D19C3CE330013032C /* Foundation.framework in Frameworks */ = {isa = PBXBuildFile; fileRef = 3145B54C19C3CE330013032C /* Foundation.framework */; };
		3145B54F19C3CE330013032C /* CoreGraphics.framework in Frameworks */ = {isa = PBXBuildFile; fileRef = 3145B54E19C3CE330013032C /* CoreGraphics.framework */; };
		3145B55119C3CE330013032C /* UIKit.framework in Frameworks */ = {isa = PBXBuildFile; fileRef = 3145B55019C3CE330013032C /* UIKit.framework */; };
		3145B55719C3CE330013032C /* InfoPlist.strings in Resources */ = {isa = PBXBuildFile; fileRef = 3145B55519C3CE330013032C /* InfoPlist.strings */; };
		3145B55919C3CE330013032C /* main.m in Sources */ = {isa = PBXBuildFile; fileRef = 3145B55819C3CE330013032C /* main.m */; };
		3145B55D19C3CE330013032C /* AppDelegate.m in Sources */ = {isa = PBXBuildFile; fileRef = 3145B55C19C3CE330013032C /* AppDelegate.m */; };
		3145B55F19C3CE330013032C /* Images.xcassets in Resources */ = {isa = PBXBuildFile; fileRef = 3145B55E19C3CE330013032C /* Images.xcassets */; };
		3145B56619C3CE330013032C /* XCTest.framework in Frameworks */ = {isa = PBXBuildFile; fileRef = 3145B56519C3CE330013032C /* XCTest.framework */; };
		3145B56719C3CE330013032C /* Foundation.framework in Frameworks */ = {isa = PBXBuildFile; fileRef = 3145B54C19C3CE330013032C /* Foundation.framework */; };
		3145B56819C3CE330013032C /* UIKit.framework in Frameworks */ = {isa = PBXBuildFile; fileRef = 3145B55019C3CE330013032C /* UIKit.framework */; };
		3145B57019C3CE330013032C /* InfoPlist.strings in Resources */ = {isa = PBXBuildFile; fileRef = 3145B56E19C3CE330013032C /* InfoPlist.strings */; };
		3145B57219C3CE330013032C /* rottenTomatoes1Tests.m in Sources */ = {isa = PBXBuildFile; fileRef = 3145B57119C3CE330013032C /* rottenTomatoes1Tests.m */; };
		3145B57E19C3CE500013032C /* MoviesViewController.m in Sources */ = {isa = PBXBuildFile; fileRef = 3145B57C19C3CE500013032C /* MoviesViewController.m */; };
		3145B57F19C3CE500013032C /* MoviesViewController.xib in Resources */ = {isa = PBXBuildFile; fileRef = 3145B57D19C3CE500013032C /* MoviesViewController.xib */; };
		3151490619C7EF3F00976CD3 /* MovieCell.m in Sources */ = {isa = PBXBuildFile; fileRef = 3151490419C7EF3F00976CD3 /* MovieCell.m */; };
		3151490719C7EF3F00976CD3 /* MovieCell.xib in Resources */ = {isa = PBXBuildFile; fileRef = 3151490519C7EF3F00976CD3 /* MovieCell.xib */; };
		31F702BD19C934D9006E69BC /* detailsViewController.m in Sources */ = {isa = PBXBuildFile; fileRef = 31F702BB19C934D9006E69BC /* detailsViewController.m */; };
		31F702BE19C934D9006E69BC /* detailsViewController.xib in Resources */ = {isa = PBXBuildFile; fileRef = 31F702BC19C934D9006E69BC /* detailsViewController.xib */; };
/* End PBXBuildFile section */

/* Begin PBXContainerItemProxy section */
		3145B56919C3CE330013032C /* PBXContainerItemProxy */ = {
			isa = PBXContainerItemProxy;
			containerPortal = 3145B54119C3CE330013032C /* Project object */;
			proxyType = 1;
			remoteGlobalIDString = 3145B54819C3CE330013032C;
			remoteInfo = rottenTomatoes1;
		};
/* End PBXContainerItemProxy section */

/* Begin PBXFileReference section */
		311C607619C9454F0062143B /* AMTumblrHud.h */ = {isa = PBXFileReference; fileEncoding = 4; lastKnownFileType = sourcecode.c.h; path = AMTumblrHud.h; sourceTree = "<group>"; };
		311C607719C9454F0062143B /* AMTumblrHud.m */ = {isa = PBXFileReference; fileEncoding = 4; lastKnownFileType = sourcecode.c.objc; path = AMTumblrHud.m; sourceTree = "<group>"; };
		311C607919C968030062143B /* errorView.h */ = {isa = PBXFileReference; fileEncoding = 4; lastKnownFileType = sourcecode.c.h; path = errorView.h; sourceTree = "<group>"; };
		311C607A19C968030062143B /* errorView.m */ = {isa = PBXFileReference; fileEncoding = 4; lastKnownFileType = sourcecode.c.objc; path = errorView.m; sourceTree = "<group>"; };
		3145B54919C3CE330013032C /* rottenTomatoes1.app */ = {isa = PBXFileReference; explicitFileType = wrapper.application; includeInIndex = 0; path = rottenTomatoes1.app; sourceTree = BUILT_PRODUCTS_DIR; };
		3145B54C19C3CE330013032C /* Foundation.framework */ = {isa = PBXFileReference; lastKnownFileType = wrapper.framework; name = Foundation.framework; path = System/Library/Frameworks/Foundation.framework; sourceTree = SDKROOT; };
		3145B54E19C3CE330013032C /* CoreGraphics.framework */ = {isa = PBXFileReference; lastKnownFileType = wrapper.framework; name = CoreGraphics.framework; path = System/Library/Frameworks/CoreGraphics.framework; sourceTree = SDKROOT; };
		3145B55019C3CE330013032C /* UIKit.framework */ = {isa = PBXFileReference; lastKnownFileType = wrapper.framework; name = UIKit.framework; path = System/Library/Frameworks/UIKit.framework; sourceTree = SDKROOT; };
		3145B55419C3CE330013032C /* rottenTomatoes1-Info.plist */ = {isa = PBXFileReference; lastKnownFileType = text.plist.xml; path = "rottenTomatoes1-Info.plist"; sourceTree = "<group>"; };
		3145B55619C3CE330013032C /* en */ = {isa = PBXFileReference; lastKnownFileType = text.plist.strings; name = en; path = en.lproj/InfoPlist.strings; sourceTree = "<group>"; };
		3145B55819C3CE330013032C /* main.m */ = {isa = PBXFileReference; lastKnownFileType = sourcecode.c.objc; path = main.m; sourceTree = "<group>"; };
		3145B55A19C3CE330013032C /* rottenTomatoes1-Prefix.pch */ = {isa = PBXFileReference; lastKnownFileType = sourcecode.c.h; path = "rottenTomatoes1-Prefix.pch"; sourceTree = "<group>"; };
		3145B55B19C3CE330013032C /* AppDelegate.h */ = {isa = PBXFileReference; lastKnownFileType = sourcecode.c.h; path = AppDelegate.h; sourceTree = "<group>"; };
		3145B55C19C3CE330013032C /* AppDelegate.m */ = {isa = PBXFileReference; lastKnownFileType = sourcecode.c.objc; path = AppDelegate.m; sourceTree = "<group>"; };
		3145B55E19C3CE330013032C /* Images.xcassets */ = {isa = PBXFileReference; lastKnownFileType = folder.assetcatalog; path = Images.xcassets; sourceTree = "<group>"; };
		3145B56419C3CE330013032C /* rottenTomatoes1Tests.xctest */ = {isa = PBXFileReference; explicitFileType = wrapper.cfbundle; includeInIndex = 0; path = rottenTomatoes1Tests.xctest; sourceTree = BUILT_PRODUCTS_DIR; };
		3145B56519C3CE330013032C /* XCTest.framework */ = {isa = PBXFileReference; lastKnownFileType = wrapper.framework; name = XCTest.framework; path = Library/Frameworks/XCTest.framework; sourceTree = DEVELOPER_DIR; };
		3145B56D19C3CE330013032C /* rottenTomatoes1Tests-Info.plist */ = {isa = PBXFileReference; lastKnownFileType = text.plist.xml; path = "rottenTomatoes1Tests-Info.plist"; sourceTree = "<group>"; };
		3145B56F19C3CE330013032C /* en */ = {isa = PBXFileReference; lastKnownFileType = text.plist.strings; name = en; path = en.lproj/InfoPlist.strings; sourceTree = "<group>"; };
		3145B57119C3CE330013032C /* rottenTomatoes1Tests.m */ = {isa = PBXFileReference; lastKnownFileType = sourcecode.c.objc; path = rottenTomatoes1Tests.m; sourceTree = "<group>"; };
		3145B57B19C3CE500013032C /* MoviesViewController.h */ = {isa = PBXFileReference; fileEncoding = 4; lastKnownFileType = sourcecode.c.h; path = MoviesViewController.h; sourceTree = "<group>"; };
		3145B57C19C3CE500013032C /* MoviesViewController.m */ = {isa = PBXFileReference; fileEncoding = 4; lastKnownFileType = sourcecode.c.objc; path = MoviesViewController.m; sourceTree = "<group>"; };
		3145B57D19C3CE500013032C /* MoviesViewController.xib */ = {isa = PBXFileReference; fileEncoding = 4; lastKnownFileType = file.xib; path = MoviesViewController.xib; sourceTree = "<group>"; };
		3151490319C7EF3F00976CD3 /* MovieCell.h */ = {isa = PBXFileReference; fileEncoding = 4; lastKnownFileType = sourcecode.c.h; path = MovieCell.h; sourceTree = "<group>"; };
		3151490419C7EF3F00976CD3 /* MovieCell.m */ = {isa = PBXFileReference; fileEncoding = 4; lastKnownFileType = sourcecode.c.objc; path = MovieCell.m; sourceTree = "<group>"; };
		3151490519C7EF3F00976CD3 /* MovieCell.xib */ = {isa = PBXFileReference; fileEncoding = 4; lastKnownFileType = file.xib; path = MovieCell.xib; sourceTree = "<group>"; };
		31F702BA19C934D9006E69BC /* detailsViewController.h */ = {isa = PBXFileReference; fileEncoding = 4; lastKnownFileType = sourcecode.c.h; path = detailsViewController.h; sourceTree = "<group>"; };
		31F702BB19C934D9006E69BC /* detailsViewController.m */ = {isa = PBXFileReference; fileEncoding = 4; lastKnownFileType = sourcecode.c.objc; path = detailsViewController.m; sourceTree = "<group>"; };
		31F702BC19C934D9006E69BC /* detailsViewController.xib */ = {isa = PBXFileReference; fileEncoding = 4; lastKnownFileType = file.xib; path = detailsViewController.xib; sourceTree = "<group>"; };
		3C06B07D0E4B4928BEAD8BE1 /* libPods.a */ = {isa = PBXFileReference; explicitFileType = archive.ar; includeInIndex = 0; path = libPods.a; sourceTree = BUILT_PRODUCTS_DIR; };
		C95B448384B34E80964B3ADD /* Pods.xcconfig */ = {isa = PBXFileReference; includeInIndex = 1; lastKnownFileType = text.xcconfig; name = Pods.xcconfig; path = Pods/Pods.xcconfig; sourceTree = "<group>"; };
/* End PBXFileReference section */

/* Begin PBXFrameworksBuildPhase section */
		3145B54619C3CE330013032C /* Frameworks */ = {
			isa = PBXFrameworksBuildPhase;
			buildActionMask = 2147483647;
			files = (
				3145B54F19C3CE330013032C /* CoreGraphics.framework in Frameworks */,
				3145B55119C3CE330013032C /* UIKit.framework in Frameworks */,
				3145B54D19C3CE330013032C /* Foundation.framework in Frameworks */,
				2DE23A921C824446BE8D4498 /* libPods.a in Frameworks */,
			);
			runOnlyForDeploymentPostprocessing = 0;
		};
		3145B56119C3CE330013032C /* Frameworks */ = {
			isa = PBXFrameworksBuildPhase;
			buildActionMask = 2147483647;
			files = (
				3145B56619C3CE330013032C /* XCTest.framework in Frameworks */,
				3145B56819C3CE330013032C /* UIKit.framework in Frameworks */,
				3145B56719C3CE330013032C /* Foundation.framework in Frameworks */,
			);
			runOnlyForDeploymentPostprocessing = 0;
		};
/* End PBXFrameworksBuildPhase section */

/* Begin PBXGroup section */
		3145B54019C3CE330013032C = {
			isa = PBXGroup;
			children = (
				3145B55219C3CE330013032C /* rottenTomatoes1 */,
				3145B56B19C3CE330013032C /* rottenTomatoes1Tests */,
				3145B54B19C3CE330013032C /* Frameworks */,
				3145B54A19C3CE330013032C /* Products */,
				C95B448384B34E80964B3ADD /* Pods.xcconfig */,
			);
			sourceTree = "<group>";
		};
		3145B54A19C3CE330013032C /* Products */ = {
			isa = PBXGroup;
			children = (
				3145B54919C3CE330013032C /* rottenTomatoes1.app */,
				3145B56419C3CE330013032C /* rottenTomatoes1Tests.xctest */,
			);
			name = Products;
			sourceTree = "<group>";
		};
		3145B54B19C3CE330013032C /* Frameworks */ = {
			isa = PBXGroup;
			children = (
				3145B54C19C3CE330013032C /* Foundation.framework */,
				3145B54E19C3CE330013032C /* CoreGraphics.framework */,
				3145B55019C3CE330013032C /* UIKit.framework */,
				3145B56519C3CE330013032C /* XCTest.framework */,
				3C06B07D0E4B4928BEAD8BE1 /* libPods.a */,
			);
			name = Frameworks;
			sourceTree = "<group>";
		};
		3145B55219C3CE330013032C /* rottenTomatoes1 */ = {
			isa = PBXGroup;
			children = (
				3151490219C7EF2300976CD3 /* Views */,
				3145B55B19C3CE330013032C /* AppDelegate.h */,
				3145B55C19C3CE330013032C /* AppDelegate.m */,
				3145B55E19C3CE330013032C /* Images.xcassets */,
				3145B55319C3CE330013032C /* Supporting Files */,
				3151490819C8120700976CD3 /* ViewController */,
			);
			path = rottenTomatoes1;
			sourceTree = "<group>";
		};
		3145B55319C3CE330013032C /* Supporting Files */ = {
			isa = PBXGroup;
			children = (
				3145B55419C3CE330013032C /* rottenTomatoes1-Info.plist */,
				3145B55519C3CE330013032C /* InfoPlist.strings */,
				3145B55819C3CE330013032C /* main.m */,
				3145B55A19C3CE330013032C /* rottenTomatoes1-Prefix.pch */,
			);
			name = "Supporting Files";
			sourceTree = "<group>";
		};
		3145B56B19C3CE330013032C /* rottenTomatoes1Tests */ = {
			isa = PBXGroup;
			children = (
				3145B57119C3CE330013032C /* rottenTomatoes1Tests.m */,
				3145B56C19C3CE330013032C /* Supporting Files */,
			);
			path = rottenTomatoes1Tests;
			sourceTree = "<group>";
		};
		3145B56C19C3CE330013032C /* Supporting Files */ = {
			isa = PBXGroup;
			children = (
				3145B56D19C3CE330013032C /* rottenTomatoes1Tests-Info.plist */,
				3145B56E19C3CE330013032C /* InfoPlist.strings */,
			);
			name = "Supporting Files";
			sourceTree = "<group>";
		};
		3151490219C7EF2300976CD3 /* Views */ = {
			isa = PBXGroup;
			children = (
				3151490319C7EF3F00976CD3 /* MovieCell.h */,
				3151490419C7EF3F00976CD3 /* MovieCell.m */,
				3151490519C7EF3F00976CD3 /* MovieCell.xib */,
				311C607619C9454F0062143B /* AMTumblrHud.h */,
				311C607719C9454F0062143B /* AMTumblrHud.m */,
				311C607919C968030062143B /* errorView.h */,
				311C607A19C968030062143B /* errorView.m */,
			);
			name = Views;
			sourceTree = "<group>";
		};
		3151490819C8120700976CD3 /* ViewController */ = {
			isa = PBXGroup;
			children = (
				3145B57C19C3CE500013032C /* MoviesViewController.m */,
				3145B57D19C3CE500013032C /* MoviesViewController.xib */,
				3145B57B19C3CE500013032C /* MoviesViewController.h */,
				31F702BA19C934D9006E69BC /* detailsViewController.h */,
				31F702BB19C934D9006E69BC /* detailsViewController.m */,
				31F702BC19C934D9006E69BC /* detailsViewController.xib */,
			);
			name = ViewController;
			sourceTree = "<group>";
		};
/* End PBXGroup section */

/* Begin PBXNativeTarget section */
		3145B54819C3CE330013032C /* rottenTomatoes1 */ = {
			isa = PBXNativeTarget;
			buildConfigurationList = 3145B57519C3CE330013032C /* Build configuration list for PBXNativeTarget "rottenTomatoes1" */;
			buildPhases = (
				D7DE1FA1A99C452AACB93C05 /* Check Pods Manifest.lock */,
				3145B54519C3CE330013032C /* Sources */,
				3145B54619C3CE330013032C /* Frameworks */,
				3145B54719C3CE330013032C /* Resources */,
				7F6C9497C327481A8DB77000 /* Copy Pods Resources */,
			);
			buildRules = (
			);
			dependencies = (
			);
			name = rottenTomatoes1;
			productName = rottenTomatoes1;
			productReference = 3145B54919C3CE330013032C /* rottenTomatoes1.app */;
			productType = "com.apple.product-type.application";
		};
		3145B56319C3CE330013032C /* rottenTomatoes1Tests */ = {
			isa = PBXNativeTarget;
			buildConfigurationList = 3145B57819C3CE330013032C /* Build configuration list for PBXNativeTarget "rottenTomatoes1Tests" */;
			buildPhases = (
				3145B56019C3CE330013032C /* Sources */,
				3145B56119C3CE330013032C /* Frameworks */,
				3145B56219C3CE330013032C /* Resources */,
			);
			buildRules = (
			);
			dependencies = (
				3145B56A19C3CE330013032C /* PBXTargetDependency */,
			);
			name = rottenTomatoes1Tests;
			productName = rottenTomatoes1Tests;
			productReference = 3145B56419C3CE330013032C /* rottenTomatoes1Tests.xctest */;
			productType = "com.apple.product-type.bundle.unit-test";
		};
/* End PBXNativeTarget section */

/* Begin PBXProject section */
		3145B54119C3CE330013032C /* Project object */ = {
			isa = PBXProject;
			attributes = {
				LastUpgradeCheck = 0500;
				ORGANIZATIONNAME = Priya;
				TargetAttributes = {
					3145B56319C3CE330013032C = {
						TestTargetID = 3145B54819C3CE330013032C;
					};
				};
			};
			buildConfigurationList = 3145B54419C3CE330013032C /* Build configuration list for PBXProject "rottenTomatoes1" */;
			compatibilityVersion = "Xcode 3.2";
			developmentRegion = English;
			hasScannedForEncodings = 0;
			knownRegions = (
				en,
			);
			mainGroup = 3145B54019C3CE330013032C;
			productRefGroup = 3145B54A19C3CE330013032C /* Products */;
			projectDirPath = "";
			projectRoot = "";
			targets = (
				3145B54819C3CE330013032C /* rottenTomatoes1 */,
				3145B56319C3CE330013032C /* rottenTomatoes1Tests */,
			);
		};
/* End PBXProject section */

/* Begin PBXResourcesBuildPhase section */
		3145B54719C3CE330013032C /* Resources */ = {
			isa = PBXResourcesBuildPhase;
			buildActionMask = 2147483647;
			files = (
				3145B55719C3CE330013032C /* InfoPlist.strings in Resources */,
				3145B57F19C3CE500013032C /* MoviesViewController.xib in Resources */,
				31F702BE19C934D9006E69BC /* detailsViewController.xib in Resources */,
				3151490719C7EF3F00976CD3 /* MovieCell.xib in Resources */,
				3145B55F19C3CE330013032C /* Images.xcassets in Resources */,
			);
			runOnlyForDeploymentPostprocessing = 0;
		};
		3145B56219C3CE330013032C /* Resources */ = {
			isa = PBXResourcesBuildPhase;
			buildActionMask = 2147483647;
			files = (
				3145B57019C3CE330013032C /* InfoPlist.strings in Resources */,
			);
			runOnlyForDeploymentPostprocessing = 0;
		};
/* End PBXResourcesBuildPhase section */

/* Begin PBXShellScriptBuildPhase section */
		7F6C9497C327481A8DB77000 /* Copy Pods Resources */ = {
			isa = PBXShellScriptBuildPhase;
			buildActionMask = 2147483647;
			files = (
			);
			inputPaths = (
			);
			name = "Copy Pods Resources";
			outputPaths = (
			);
			runOnlyForDeploymentPostprocessing = 0;
			shellPath = /bin/sh;
			shellScript = "\"${SRCROOT}/Pods/Pods-resources.sh\"\n";
			showEnvVarsInLog = 0;
		};
		D7DE1FA1A99C452AACB93C05 /* Check Pods Manifest.lock */ = {
			isa = PBXShellScriptBuildPhase;
			buildActionMask = 2147483647;
			files = (
			);
			inputPaths = (
			);
			name = "Check Pods Manifest.lock";
			outputPaths = (
			);
			runOnlyForDeploymentPostprocessing = 0;
			shellPath = /bin/sh;
			shellScript = "diff \"${PODS_ROOT}/../Podfile.lock\" \"${PODS_ROOT}/Manifest.lock\" > /dev/null\nif [[ $? != 0 ]] ; then\n    cat << EOM\nerror: The sandbox is not in sync with the Podfile.lock. Run 'pod install' or update your CocoaPods installation.\nEOM\n    exit 1\nfi\n";
			showEnvVarsInLog = 0;
		};
/* End PBXShellScriptBuildPhase section */

/* Begin PBXSourcesBuildPhase section */
		3145B54519C3CE330013032C /* Sources */ = {
			isa = PBXSourcesBuildPhase;
			buildActionMask = 2147483647;
			files = (
				3145B57E19C3CE500013032C /* MoviesViewController.m in Sources */,
				311C607819C9454F0062143B /* AMTumblrHud.m in Sources */,
				3145B55D19C3CE330013032C /* AppDelegate.m in Sources */,
				311C607B19C968030062143B /* errorView.m in Sources */,
				3151490619C7EF3F00976CD3 /* MovieCell.m in Sources */,
				31F702BD19C934D9006E69BC /* detailsViewController.m in Sources */,
				3145B55919C3CE330013032C /* main.m in Sources */,
			);
			runOnlyForDeploymentPostprocessing = 0;
		};
		3145B56019C3CE330013032C /* Sources */ = {
			isa = PBXSourcesBuildPhase;
			buildActionMask = 2147483647;
			files = (
				3145B57219C3CE330013032C /* rottenTomatoes1Tests.m in Sources */,
			);
			runOnlyForDeploymentPostprocessing = 0;
		};
/* End PBXSourcesBuildPhase section */

/* Begin PBXTargetDependency section */
		3145B56A19C3CE330013032C /* PBXTargetDependency */ = {
			isa = PBXTargetDependency;
			target = 3145B54819C3CE330013032C /* rottenTomatoes1 */;
			targetProxy = 3145B56919C3CE330013032C /* PBXContainerItemProxy */;
		};
/* End PBXTargetDependency section */

/* Begin PBXVariantGroup section */
		3145B55519C3CE330013032C /* InfoPlist.strings */ = {
			isa = PBXVariantGroup;
			children = (
				3145B55619C3CE330013032C /* en */,
			);
			name = InfoPlist.strings;
			sourceTree = "<group>";
		};
		3145B56E19C3CE330013032C /* InfoPlist.strings */ = {
			isa = PBXVariantGroup;
			children = (
				3145B56F19C3CE330013032C /* en */,
			);
			name = InfoPlist.strings;
			sourceTree = "<group>";
		};
/* End PBXVariantGroup section */

/* Begin XCBuildConfiguration section */
		3145B57319C3CE330013032C /* Debug */ = {
			isa = XCBuildConfiguration;
			buildSettings = {
				ALWAYS_SEARCH_USER_PATHS = NO;
				ARCHS = "$(ARCHS_STANDARD_INCLUDING_64_BIT)";
				CLANG_CXX_LANGUAGE_STANDARD = "gnu++0x";
				CLANG_CXX_LIBRARY = "libc++";
				CLANG_ENABLE_MODULES = YES;
				CLANG_ENABLE_OBJC_ARC = YES;
				CLANG_WARN_BOOL_CONVERSION = YES;
				CLANG_WARN_CONSTANT_CONVERSION = YES;
				CLANG_WARN_DIRECT_OBJC_ISA_USAGE = YES_ERROR;
				CLANG_WARN_EMPTY_BODY = YES;
				CLANG_WARN_ENUM_CONVERSION = YES;
				CLANG_WARN_INT_CONVERSION = YES;
				CLANG_WARN_OBJC_ROOT_CLASS = YES_ERROR;
				CLANG_WARN__DUPLICATE_METHOD_MATCH = YES;
				"CODE_SIGN_IDENTITY[sdk=iphoneos*]" = "iPhone Developer";
				COPY_PHASE_STRIP = NO;
				GCC_C_LANGUAGE_STANDARD = gnu99;
				GCC_DYNAMIC_NO_PIC = NO;
				GCC_OPTIMIZATION_LEVEL = 0;
				GCC_PREPROCESSOR_DEFINITIONS = (
					"DEBUG=1",
					"$(inherited)",
				);
				GCC_SYMBOLS_PRIVATE_EXTERN = NO;
				GCC_WARN_64_TO_32_BIT_CONVERSION = YES;
				GCC_WARN_ABOUT_RETURN_TYPE = YES_ERROR;
				GCC_WARN_UNDECLARED_SELECTOR = YES;
				GCC_WARN_UNINITIALIZED_AUTOS = YES;
				GCC_WARN_UNUSED_FUNCTION = YES;
				GCC_WARN_UNUSED_VARIABLE = YES;
				IPHONEOS_DEPLOYMENT_TARGET = 7.0;
				ONLY_ACTIVE_ARCH = YES;
				SDKROOT = iphoneos;
			};
			name = Debug;
		};
		3145B57419C3CE330013032C /* Release */ = {
			isa = XCBuildConfiguration;
			buildSettings = {
				ALWAYS_SEARCH_USER_PATHS = NO;
				ARCHS = "$(ARCHS_STANDARD_INCLUDING_64_BIT)";
				CLANG_CXX_LANGUAGE_STANDARD = "gnu++0x";
				CLANG_CXX_LIBRARY = "libc++";
				CLANG_ENABLE_MODULES = YES;
				CLANG_ENABLE_OBJC_ARC = YES;
				CLANG_WARN_BOOL_CONVERSION = YES;
				CLANG_WARN_CONSTANT_CONVERSION = YES;
				CLANG_WARN_DIRECT_OBJC_ISA_USAGE = YES_ERROR;
				CLANG_WARN_EMPTY_BODY = YES;
				CLANG_WARN_ENUM_CONVERSION = YES;
				CLANG_WARN_INT_CONVERSION = YES;
				CLANG_WARN_OBJC_ROOT_CLASS = YES_ERROR;
				CLANG_WARN__DUPLICATE_METHOD_MATCH = YES;
				"CODE_SIGN_IDENTITY[sdk=iphoneos*]" = "iPhone Developer";
				COPY_PHASE_STRIP = YES;
				ENABLE_NS_ASSERTIONS = NO;
				GCC_C_LANGUAGE_STANDARD = gnu99;
				GCC_WARN_64_TO_32_BIT_CONVERSION = YES;
				GCC_WARN_ABOUT_RETURN_TYPE = YES_ERROR;
				GCC_WARN_UNDECLARED_SELECTOR = YES;
				GCC_WARN_UNINITIALIZED_AUTOS = YES;
				GCC_WARN_UNUSED_FUNCTION = YES;
				GCC_WARN_UNUSED_VARIABLE = YES;
				IPHONEOS_DEPLOYMENT_TARGET = 7.0;
				SDKROOT = iphoneos;
				VALIDATE_PRODUCT = YES;
			};
			name = Release;
		};
		3145B57619C3CE330013032C /* Debug */ = {
			isa = XCBuildConfiguration;
			baseConfigurationReference = C95B448384B34E80964B3ADD /* Pods.xcconfig */;
			buildSettings = {
				ASSETCATALOG_COMPILER_APPICON_NAME = AppIcon;
				ASSETCATALOG_COMPILER_LAUNCHIMAGE_NAME = LaunchImage;
				GCC_PRECOMPILE_PREFIX_HEADER = YES;
				GCC_PREFIX_HEADER = "rottenTomatoes1/rottenTomatoes1-Prefix.pch";
				INFOPLIST_FILE = "rottenTomatoes1/rottenTomatoes1-Info.plist";
				PRODUCT_NAME = "$(TARGET_NAME)";
				TARGETED_DEVICE_FAMILY = 1;
				WRAPPER_EXTENSION = app;
			};
			name = Debug;
		};
		3145B57719C3CE330013032C /* Release */ = {
			isa = XCBuildConfiguration;
			baseConfigurationReference = C95B448384B34E80964B3ADD /* Pods.xcconfig */;
			buildSettings = {
				ASSETCATALOG_COMPILER_APPICON_NAME = AppIcon;
				ASSETCATALOG_COMPILER_LAUNCHIMAGE_NAME = LaunchImage;
				GCC_PRECOMPILE_PREFIX_HEADER = YES;
				GCC_PREFIX_HEADER = "rottenTomatoes1/rottenTomatoes1-Prefix.pch";
				INFOPLIST_FILE = "rottenTomatoes1/rottenTomatoes1-Info.plist";
				PRODUCT_NAME = "$(TARGET_NAME)";
				TARGETED_DEVICE_FAMILY = 1;
				WRAPPER_EXTENSION = app;
			};
			name = Release;
		};
		3145B57919C3CE330013032C /* Debug */ = {
			isa = XCBuildConfiguration;
			buildSettings = {
				ARCHS = "$(ARCHS_STANDARD_INCLUDING_64_BIT)";
				BUNDLE_LOADER = "$(BUILT_PRODUCTS_DIR)/rottenTomatoes1.app/rottenTomatoes1";
				FRAMEWORK_SEARCH_PATHS = (
					"$(SDKROOT)/Developer/Library/Frameworks",
					"$(inherited)",
					"$(DEVELOPER_FRAMEWORKS_DIR)",
				);
				GCC_PRECOMPILE_PREFIX_HEADER = YES;
				GCC_PREFIX_HEADER = "rottenTomatoes1/rottenTomatoes1-Prefix.pch";
				GCC_PREPROCESSOR_DEFINITIONS = (
					"DEBUG=1",
					"$(inherited)",
				);
				INFOPLIST_FILE = "rottenTomatoes1Tests/rottenTomatoes1Tests-Info.plist";
				PRODUCT_NAME = "$(TARGET_NAME)";
				TEST_HOST = "$(BUNDLE_LOADER)";
				WRAPPER_EXTENSION = xctest;
			};
			name = Debug;
		};
		3145B57A19C3CE330013032C /* Release */ = {
			isa = XCBuildConfiguration;
			buildSettings = {
				ARCHS = "$(ARCHS_STANDARD_INCLUDING_64_BIT)";
				BUNDLE_LOADER = "$(BUILT_PRODUCTS_DIR)/rottenTomatoes1.app/rottenTomatoes1";
				FRAMEWORK_SEARCH_PATHS = (
					"$(SDKROOT)/Developer/Library/Frameworks",
					"$(inherited)",
					"$(DEVELOPER_FRAMEWORKS_DIR)",
				);
				GCC_PRECOMPILE_PREFIX_HEADER = YES;
				GCC_PREFIX_HEADER = "rottenTomatoes1/rottenTomatoes1-Prefix.pch";
				INFOPLIST_FILE = "rottenTomatoes1Tests/rottenTomatoes1Tests-Info.plist";
				PRODUCT_NAME = "$(TARGET_NAME)";
				TEST_HOST = "$(BUNDLE_LOADER)";
				WRAPPER_EXTENSION = xctest;
			};
			name = Release;
		};
/* End XCBuildConfiguration section */

/* Begin XCConfigurationList section */
		3145B54419C3CE330013032C /* Build configuration list for PBXProject "rottenTomatoes1" */ = {
			isa = XCConfigurationList;
			buildConfigurations = (
				3145B57319C3CE330013032C /* Debug */,
				3145B57419C3CE330013032C /* Release */,
			);
			defaultConfigurationIsVisible = 0;
			defaultConfigurationName = Release;
		};
		3145B57519C3CE330013032C /* Build configuration list for PBXNativeTarget "rottenTomatoes1" */ = {
			isa = XCConfigurationList;
			buildConfigurations = (
				3145B57619C3CE330013032C /* Debug */,
				3145B57719C3CE330013032C /* Release */,
			);
			defaultConfigurationIsVisible = 0;
			defaultConfigurationName = Release;
		};
		3145B57819C3CE330013032C /* Build configuration list for PBXNativeTarget "rottenTomatoes1Tests" */ = {
			isa = XCConfigurationList;
			buildConfigurations = (
				3145B57919C3CE330013032C /* Debug */,
				3145B57A19C3CE330013032C /* Release */,
			);
			defaultConfigurationIsVisible = 0;
			defaultConfigurationName = Release;
		};
/* End XCConfigurationList section */
	};
	rootObject = 3145B54119C3CE330013032C /* Project object */;
}
